
Microsoft Visual Studio Solution File, Format Version 12.00
# Visual Studio 15
VisualStudioVersion = 15.0.26124.0
MinimumVisualStudioVersion = 15.0.26124.0
Project("{FAE04EC0-301F-11D3-BF4B-00C04F79EFBC}") = "PoShApiClient", "PoShApiClient\PoShApiClient.csproj", "{703F4101-8E27-441A-B4E6-ADEA799DBB78}"
EndProject
Project("{FAE04EC0-301F-11D3-BF4B-00C04F79EFBC}") = "PoShApiClient.Models", "PoShApiClient.Models\PoShApiClient.Models.csproj", "{A40FA629-CB1F-4BA0-9989-5D0D72A9A41B}"
EndProject
Project("{FAE04EC0-301F-11D3-BF4B-00C04F79EFBC}") = "PoShAPiClient.WebApiSample", "PoShAPiClient.WebApiSample\PoShAPiClient.WebApiSample.csproj", "{2BD00542-8555-4855-8B63-A03AAF5DAEAD}"
EndProject
Global
	GlobalSection(SolutionConfigurationPlatforms) = preSolution
		Debug|Any CPU = Debug|Any CPU
		Debug|x64 = Debug|x64
		Debug|x86 = Debug|x86
		Release|Any CPU = Release|Any CPU
		Release|x64 = Release|x64
		Release|x86 = Release|x86
	EndGlobalSection
	GlobalSection(SolutionProperties) = preSolution
		HideSolutionNode = FALSE
	EndGlobalSection
	GlobalSection(ProjectConfigurationPlatforms) = postSolution
		{455BB0A7-A269-4206-A926-211CE137F27E}.Debug|Any CPU.ActiveCfg = Debug|Any CPU
		{455BB0A7-A269-4206-A926-211CE137F27E}.Debug|Any CPU.Build.0 = Debug|Any CPU
		{455BB0A7-A269-4206-A926-211CE137F27E}.Debug|x64.ActiveCfg = Debug|Any CPU
		{455BB0A7-A269-4206-A926-211CE137F27E}.Debug|x64.Build.0 = Debug|Any CPU
		{455BB0A7-A269-4206-A926-211CE137F27E}.Debug|x86.ActiveCfg = Debug|Any CPU
		{455BB0A7-A269-4206-A926-211CE137F27E}.Debug|x86.Build.0 = Debug|Any CPU
		{455BB0A7-A269-4206-A926-211CE137F27E}.Release|Any CPU.ActiveCfg = Release|Any CPU
		{455BB0A7-A269-4206-A926-211CE137F27E}.Release|Any CPU.Build.0 = Release|Any CPU
		{455BB0A7-A269-4206-A926-211CE137F27E}.Release|x64.ActiveCfg = Release|Any CPU
		{455BB0A7-A269-4206-A926-211CE137F27E}.Release|x64.Build.0 = Release|Any CPU
		{455BB0A7-A269-4206-A926-211CE137F27E}.Release|x86.ActiveCfg = Release|Any CPU
		{455BB0A7-A269-4206-A926-211CE137F27E}.Release|x86.Build.0 = Release|Any CPU
		{78E348FC-83D2-439E-96A3-4A3307020402}.Debug|Any CPU.ActiveCfg = Debug|Any CPU
		{78E348FC-83D2-439E-96A3-4A3307020402}.Debug|Any CPU.Build.0 = Debug|Any CPU
		{78E348FC-83D2-439E-96A3-4A3307020402}.Debug|x64.ActiveCfg = Debug|Any CPU
		{78E348FC-83D2-439E-96A3-4A3307020402}.Debug|x64.Build.0 = Debug|Any CPU
		{78E348FC-83D2-439E-96A3-4A3307020402}.Debug|x86.ActiveCfg = Debug|Any CPU
		{78E348FC-83D2-439E-96A3-4A3307020402}.Debug|x86.Build.0 = Debug|Any CPU
		{78E348FC-83D2-439E-96A3-4A3307020402}.Release|Any CPU.ActiveCfg = Release|Any CPU
		{78E348FC-83D2-439E-96A3-4A3307020402}.Release|Any CPU.Build.0 = Release|Any CPU
		{78E348FC-83D2-439E-96A3-4A3307020402}.Release|x64.ActiveCfg = Release|Any CPU
		{78E348FC-83D2-439E-96A3-4A3307020402}.Release|x64.Build.0 = Release|Any CPU
		{78E348FC-83D2-439E-96A3-4A3307020402}.Release|x86.ActiveCfg = Release|Any CPU
		{78E348FC-83D2-439E-96A3-4A3307020402}.Release|x86.Build.0 = Release|Any CPU
		{EB8C7F71-B12F-4521-B2E3-60FE34AFACB2}.Debug|Any CPU.ActiveCfg = Debug|Any CPU
		{EB8C7F71-B12F-4521-B2E3-60FE34AFACB2}.Debug|Any CPU.Build.0 = Debug|Any CPU
		{EB8C7F71-B12F-4521-B2E3-60FE34AFACB2}.Debug|x64.ActiveCfg = Debug|Any CPU
		{EB8C7F71-B12F-4521-B2E3-60FE34AFACB2}.Debug|x64.Build.0 = Debug|Any CPU
		{EB8C7F71-B12F-4521-B2E3-60FE34AFACB2}.Debug|x86.ActiveCfg = Debug|Any CPU
		{EB8C7F71-B12F-4521-B2E3-60FE34AFACB2}.Debug|x86.Build.0 = Debug|Any CPU
		{EB8C7F71-B12F-4521-B2E3-60FE34AFACB2}.Release|Any CPU.ActiveCfg = Release|Any CPU
		{EB8C7F71-B12F-4521-B2E3-60FE34AFACB2}.Release|Any CPU.Build.0 = Release|Any CPU
		{EB8C7F71-B12F-4521-B2E3-60FE34AFACB2}.Release|x64.ActiveCfg = Release|Any CPU
		{EB8C7F71-B12F-4521-B2E3-60FE34AFACB2}.Release|x64.Build.0 = Release|Any CPU
		{EB8C7F71-B12F-4521-B2E3-60FE34AFACB2}.Release|x86.ActiveCfg = Release|Any CPU
		{EB8C7F71-B12F-4521-B2E3-60FE34AFACB2}.Release|x86.Build.0 = Release|Any CPU
		{57F281B2-E6AF-46B0-9682-F2637B0B13F1}.Debug|Any CPU.ActiveCfg = Debug|Any CPU
		{57F281B2-E6AF-46B0-9682-F2637B0B13F1}.Debug|Any CPU.Build.0 = Debug|Any CPU
		{57F281B2-E6AF-46B0-9682-F2637B0B13F1}.Debug|x64.ActiveCfg = Debug|Any CPU
		{57F281B2-E6AF-46B0-9682-F2637B0B13F1}.Debug|x64.Build.0 = Debug|Any CPU
		{57F281B2-E6AF-46B0-9682-F2637B0B13F1}.Debug|x86.ActiveCfg = Debug|Any CPU
		{57F281B2-E6AF-46B0-9682-F2637B0B13F1}.Debug|x86.Build.0 = Debug|Any CPU
		{57F281B2-E6AF-46B0-9682-F2637B0B13F1}.Release|Any CPU.ActiveCfg = Release|Any CPU
		{57F281B2-E6AF-46B0-9682-F2637B0B13F1}.Release|Any CPU.Build.0 = Release|Any CPU
		{57F281B2-E6AF-46B0-9682-F2637B0B13F1}.Release|x64.ActiveCfg = Release|Any CPU
		{57F281B2-E6AF-46B0-9682-F2637B0B13F1}.Release|x64.Build.0 = Release|Any CPU
		{57F281B2-E6AF-46B0-9682-F2637B0B13F1}.Release|x86.ActiveCfg = Release|Any CPU
		{57F281B2-E6AF-46B0-9682-F2637B0B13F1}.Release|x86.Build.0 = Release|Any CPU
		{2C953D2B-F182-4A9B-89F8-09AFD7D125C7}.Debug|Any CPU.ActiveCfg = Debug|Any CPU
		{2C953D2B-F182-4A9B-89F8-09AFD7D125C7}.Debug|Any CPU.Build.0 = Debug|Any CPU
		{2C953D2B-F182-4A9B-89F8-09AFD7D125C7}.Debug|x64.ActiveCfg = Debug|Any CPU
		{2C953D2B-F182-4A9B-89F8-09AFD7D125C7}.Debug|x64.Build.0 = Debug|Any CPU
		{2C953D2B-F182-4A9B-89F8-09AFD7D125C7}.Debug|x86.ActiveCfg = Debug|Any CPU
		{2C953D2B-F182-4A9B-89F8-09AFD7D125C7}.Debug|x86.Build.0 = Debug|Any CPU
		{2C953D2B-F182-4A9B-89F8-09AFD7D125C7}.Release|Any CPU.ActiveCfg = Release|Any CPU
		{2C953D2B-F182-4A9B-89F8-09AFD7D125C7}.Release|Any CPU.Build.0 = Release|Any CPU
		{2C953D2B-F182-4A9B-89F8-09AFD7D125C7}.Release|x64.ActiveCfg = Release|Any CPU
		{2C953D2B-F182-4A9B-89F8-09AFD7D125C7}.Release|x64.Build.0 = Release|Any CPU
		{2C953D2B-F182-4A9B-89F8-09AFD7D125C7}.Release|x86.ActiveCfg = Release|Any CPU
		{2C953D2B-F182-4A9B-89F8-09AFD7D125C7}.Release|x86.Build.0 = Release|Any CPU
		{703F4101-8E27-441A-B4E6-ADEA799DBB78}.Debug|Any CPU.ActiveCfg = Debug|Any CPU
		{703F4101-8E27-441A-B4E6-ADEA799DBB78}.Debug|Any CPU.Build.0 = Debug|Any CPU
		{703F4101-8E27-441A-B4E6-ADEA799DBB78}.Debug|x64.ActiveCfg = Debug|Any CPU
		{703F4101-8E27-441A-B4E6-ADEA799DBB78}.Debug|x64.Build.0 = Debug|Any CPU
		{703F4101-8E27-441A-B4E6-ADEA799DBB78}.Debug|x86.ActiveCfg = Debug|Any CPU
		{703F4101-8E27-441A-B4E6-ADEA799DBB78}.Debug|x86.Build.0 = Debug|Any CPU
		{703F4101-8E27-441A-B4E6-ADEA799DBB78}.Release|Any CPU.ActiveCfg = Release|Any CPU
		{703F4101-8E27-441A-B4E6-ADEA799DBB78}.Release|Any CPU.Build.0 = Release|Any CPU
		{703F4101-8E27-441A-B4E6-ADEA799DBB78}.Release|x64.ActiveCfg = Release|Any CPU
		{703F4101-8E27-441A-B4E6-ADEA799DBB78}.Release|x64.Build.0 = Release|Any CPU
		{703F4101-8E27-441A-B4E6-ADEA799DBB78}.Release|x86.ActiveCfg = Release|Any CPU
		{703F4101-8E27-441A-B4E6-ADEA799DBB78}.Release|x86.Build.0 = Release|Any CPU
		{A40FA629-CB1F-4BA0-9989-5D0D72A9A41B}.Debug|Any CPU.ActiveCfg = Debug|Any CPU
		{A40FA629-CB1F-4BA0-9989-5D0D72A9A41B}.Debug|Any CPU.Build.0 = Debug|Any CPU
		{A40FA629-CB1F-4BA0-9989-5D0D72A9A41B}.Debug|x64.ActiveCfg = Debug|Any CPU
		{A40FA629-CB1F-4BA0-9989-5D0D72A9A41B}.Debug|x64.Build.0 = Debug|Any CPU
		{A40FA629-CB1F-4BA0-9989-5D0D72A9A41B}.Debug|x86.ActiveCfg = Debug|Any CPU
		{A40FA629-CB1F-4BA0-9989-5D0D72A9A41B}.Debug|x86.Build.0 = Debug|Any CPU
		{A40FA629-CB1F-4BA0-9989-5D0D72A9A41B}.Release|Any CPU.ActiveCfg = Release|Any CPU
		{A40FA629-CB1F-4BA0-9989-5D0D72A9A41B}.Release|Any CPU.Build.0 = Release|Any CPU
		{A40FA629-CB1F-4BA0-9989-5D0D72A9A41B}.Release|x64.ActiveCfg = Release|Any CPU
		{A40FA629-CB1F-4BA0-9989-5D0D72A9A41B}.Release|x64.Build.0 = Release|Any CPU
		{A40FA629-CB1F-4BA0-9989-5D0D72A9A41B}.Release|x86.ActiveCfg = Release|Any CPU
		{A40FA629-CB1F-4BA0-9989-5D0D72A9A41B}.Release|x86.Build.0 = Release|Any CPU
		{2BD00542-8555-4855-8B63-A03AAF5DAEAD}.Debug|Any CPU.ActiveCfg = Debug|Any CPU
		{2BD00542-8555-4855-8B63-A03AAF5DAEAD}.Debug|Any CPU.Build.0 = Debug|Any CPU
		{2BD00542-8555-4855-8B63-A03AAF5DAEAD}.Debug|x64.ActiveCfg = Debug|Any CPU
		{2BD00542-8555-4855-8B63-A03AAF5DAEAD}.Debug|x64.Build.0 = Debug|Any CPU
		{2BD00542-8555-4855-8B63-A03AAF5DAEAD}.Debug|x86.ActiveCfg = Debug|Any CPU
		{2BD00542-8555-4855-8B63-A03AAF5DAEAD}.Debug|x86.Build.0 = Debug|Any CPU
		{2BD00542-8555-4855-8B63-A03AAF5DAEAD}.Release|Any CPU.ActiveCfg = Release|Any CPU
		{2BD00542-8555-4855-8B63-A03AAF5DAEAD}.Release|Any CPU.Build.0 = Release|Any CPU
		{2BD00542-8555-4855-8B63-A03AAF5DAEAD}.Release|x64.ActiveCfg = Release|Any CPU
		{2BD00542-8555-4855-8B63-A03AAF5DAEAD}.Release|x64.Build.0 = Release|Any CPU
		{2BD00542-8555-4855-8B63-A03AAF5DAEAD}.Release|x86.ActiveCfg = Release|Any CPU
		{2BD00542-8555-4855-8B63-A03AAF5DAEAD}.Release|x86.Build.0 = Release|Any CPU
	EndGlobalSection
EndGlobal
